{
  "name": "bpl",
  "version": "1.0.0",
  "lockfileVersion": 3,
  "requires": true,
  "packages": {
    "": {
      "name": "bpl",
      "version": "1.0.0",
      "license": "ISC",
      "dependencies": {
        "readline": "^1.3.0",
        "readline-sync": "^1.4.10",
        "remove": "^0.1.5"
      },
      "devDependencies": {
        "@types/node": "^20.8.6",
        "@types/readline-sync": "^1.4.5"
      }
    },
    "node_modules/@types/node": {
      "version": "20.8.6",
      "resolved": "https://registry.npmjs.org/@types/node/-/node-20.8.6.tgz",
      "integrity": "sha512-eWO4K2Ji70QzKUqRy6oyJWUeB7+g2cRagT3T/nxYibYcT4y2BDL8lqolRXjTHmkZCdJfIPaY73KbJAZmcryxTQ==",
      "dev": true,
      "dependencies": {
        "undici-types": "~5.25.1"
      }
    },
    "node_modules/@types/readline-sync": {
      "version": "1.4.5",
      "resolved": "https://registry.npmjs.org/@types/readline-sync/-/readline-sync-1.4.5.tgz",
      "integrity": "sha512-vD/LCH84gWf9CoJaqGL8Ey0/oFrgHNEf/R/SPzoDeZa5Zr8Fh5tPCaTF2UC/m1shAcAHVHHZmDQrsoWMkCj0gA==",
      "dev": true
    },
    "node_modules/chainsaw": {
      "version": "0.0.9",
      "resolved": "https://registry.npmjs.org/chainsaw/-/chainsaw-0.0.9.tgz",
      "integrity": "sha512-nG8PYH+/4xB+8zkV4G844EtfvZ5tTiLFoX3dZ4nhF4t3OCKIb9UvaFyNmeZO2zOSmRWzBoTD+napN6hiL+EgcA==",
      "dependencies": {
        "traverse": ">=0.3.0 <0.4"
      },
      "engines": {
        "node": "*"
      }
    },
    "node_modules/hashish": {
      "version": "0.0.4",
      "resolved": "https://registry.npmjs.org/hashish/-/hashish-0.0.4.tgz",
      "integrity": "sha512-xyD4XgslstNAs72ENaoFvgMwtv8xhiDtC2AtzCG+8yF7W/Knxxm9BX+e2s25mm+HxMKh0rBmXVOEGF3zNImXvA==",
      "dependencies": {
        "traverse": ">=0.2.4"
      },
      "engines": {
        "node": "*"
      }
    },
    "node_modules/readline": {
      "version": "1.3.0",
      "resolved": "https://registry.npmjs.org/readline/-/readline-1.3.0.tgz",
      "integrity": "sha512-k2d6ACCkiNYz222Fs/iNze30rRJ1iIicW7JuX/7/cozvih6YCkFZH+J6mAFDVgv0dRBaAyr4jDqC95R2y4IADg=="
    },
    "node_modules/readline-sync": {
      "version": "1.4.10",
      "resolved": "https://registry.npmjs.org/readline-sync/-/readline-sync-1.4.10.tgz",
      "integrity": "sha512-gNva8/6UAe8QYepIQH/jQ2qn91Qj0B9sYjMBBs3QOB8F2CXcKgLxQaJRP76sWVRQt+QU+8fAkCbCvjjMFu7Ycw==",
      "engines": {
        "node": ">= 0.8.0"
      }
    },
    "node_modules/remove": {
      "version": "0.1.5",
      "resolved": "https://registry.npmjs.org/remove/-/remove-0.1.5.tgz",
      "integrity": "sha512-AJMA9oWvJzdTjwIGwSQZsjGQiRx73YTmiOWmfCp1fpLa/D4n7jKcpoA+CZiVLJqKcEKUuh1Suq80c5wF+L/qVQ==",
      "dependencies": {
        "seq": ">= 0.3.5"
      }
    },
    "node_modules/seq": {
      "version": "0.3.5",
      "resolved": "https://registry.npmjs.org/seq/-/seq-0.3.5.tgz",
      "integrity": "sha512-sisY2Ln1fj43KBkRtXkesnRHYNdswIkIibvNe/0UKm2GZxjMbqmccpiatoKr/k2qX5VKiLU8xm+tz/74LAho4g==",
      "dependencies": {
        "chainsaw": ">=0.0.7 <0.1",
        "hashish": ">=0.0.2 <0.1"
      },
      "engines": {
        "node": "*"
      }
    },
    "node_modules/traverse": {
      "version": "0.3.9",
      "resolved": "https://registry.npmjs.org/traverse/-/traverse-0.3.9.tgz",
      "integrity": "sha512-iawgk0hLP3SxGKDfnDJf8wTz4p2qImnyihM5Hh/sGvQ3K37dPi/w8sRhdNIxYA1TwFwc5mDhIJq+O0RsvXBKdQ==",
      "engines": {
        "node": "*"
      }
    },
    "node_modules/undici-types": {
      "version": "5.25.3",
      "resolved": "https://registry.npmjs.org/undici-types/-/undici-types-5.25.3.tgz",
      "integrity": "sha512-Ga1jfYwRn7+cP9v8auvEXN1rX3sWqlayd4HP7OKk4mZWylEmu3KzXDUGrQUN6Ol7qo1gPvB2e5gX6udnyEPgdA==",
      "dev": true
    }
  }
}
